Microsoft Visual Studio Solution File, Format Version 11.00
# Visual Studio 2008

Project("{DAE7DBEC-DBF5-DD15-0A9C-4A20FF3F6DE4}") = "IslamicDraw", "Assembly-CSharp.csproj", "{0AED27E5-C556-F30D-7AD5-76D731C168EC}"
EndProject
Project("{DAE7DBEC-DBF5-DD15-0A9C-4A20FF3F6DE4}") = "IslamicDraw", "Assembly-CSharp-Editor.csproj", "{FE59E3CA-F788-ECE8-AD55-2127488EEC06}"
EndProject
Global
	GlobalSection(SolutionConfigurationPlatforms) = preSolution
		Debug|Any CPU = Debug|Any CPU
		Release|Any CPU = Release|Any CPU
	EndGlobalSection
	GlobalSection(ProjectConfigurationPlatforms) = postSolution
		{0AED27E5-C556-F30D-7AD5-76D731C168EC}.Debug|Any CPU.ActiveCfg = Debug|Any CPU
		{0AED27E5-C556-F30D-7AD5-76D731C168EC}.Debug|Any CPU.Build.0 = Debug|Any CPU
		{0AED27E5-C556-F30D-7AD5-76D731C168EC}.Release|Any CPU.ActiveCfg = Release|Any CPU
		{0AED27E5-C556-F30D-7AD5-76D731C168EC}.Release|Any CPU.Build.0 = Release|Any CPU
		{FE59E3CA-F788-ECE8-AD55-2127488EEC06}.Debug|Any CPU.ActiveCfg = Debug|Any CPU
		{FE59E3CA-F788-ECE8-AD55-2127488EEC06}.Debug|Any CPU.Build.0 = Debug|Any CPU
		{FE59E3CA-F788-ECE8-AD55-2127488EEC06}.Release|Any CPU.ActiveCfg = Release|Any CPU
		{FE59E3CA-F788-ECE8-AD55-2127488EEC06}.Release|Any CPU.Build.0 = Release|Any CPU
	EndGlobalSection
	GlobalSection(SolutionProperties) = preSolution
		HideSolutionNode = FALSE
	EndGlobalSection
																																																																																																					GlobalSection(MonoDevelopProperties) = preSolution
		StartupItem = Assembly-CSharp.csproj
		Policies = $0
		$0.TextStylePolicy = $1
		$1.inheritsSet = null
		$1.scope = text/x-csharp
		$0.CSharpFormattingPolicy = $2
		$2.inheritsSet = Mono
		$2.inheritsScope = text/x-csharp
		$2.scope = text/x-csharp
		$0.TextStylePolicy = $3
		$3.FileWidth = 120
		$3.TabWidth = 4
		$3.EolMarker = Unix
		$3.inheritsSet = Mono
		$3.inheritsScope = text/plain
		$3.scope = text/plain
	EndGlobalSection

EndGlobal
